
Microsoft Visual Studio Solution File, Format Version 12.00
# Visual Studio Version 17
VisualStudioVersion = 17.0.31611.283
MinimumVisualStudioVersion = 10.0.40219.1
Project("{9A19103F-16F7-4668-BE54-9A1E7A4F7556}") = "MusicApp", "MusicApp\MusicApp.csproj", "{8A09C53F-26EC-4033-B84A-20E38DF75E62}"
EndProject
Project("{FAE04EC0-301F-11D3-BF4B-00C04F79EFBC}") = "ConsoleApp", "ConsoleApp\ConsoleApp.csproj", "{F6520C87-2C74-4AB8-8537-7911403F666B}"
EndProject
Project("{FAE04EC0-301F-11D3-BF4B-00C04F79EFBC}") = "Model", "Model\Model.csproj", "{82452850-32F0-43F0-9146-2395D13628F4}"
EndProject
Project("{FAE04EC0-301F-11D3-BF4B-00C04F79EFBC}") = "UnitTest", "UnitTest\UnitTest.csproj", "{C3EE7112-DDE4-4327-B700-5B2DAD1EB13D}"
EndProject
Project("{FAE04EC0-301F-11D3-BF4B-00C04F79EFBC}") = "Persistance", "Persistance\Persistance.csproj", "{086EE498-3D76-4B47-848D-57D01B57568E}"
EndProject
Project("{FAE04EC0-301F-11D3-BF4B-00C04F79EFBC}") = "Stub", "Stub\Stub.csproj", "{07B288D5-ED92-465B-96F0-360681EFD16C}"
EndProject
Global
	GlobalSection(SolutionConfigurationPlatforms) = preSolution
		Debug|Any CPU = Debug|Any CPU
		Release|Any CPU = Release|Any CPU
	EndGlobalSection
	GlobalSection(ProjectConfigurationPlatforms) = postSolution
		{8A09C53F-26EC-4033-B84A-20E38DF75E62}.Debug|Any CPU.ActiveCfg = Debug|Any CPU
		{8A09C53F-26EC-4033-B84A-20E38DF75E62}.Debug|Any CPU.Build.0 = Debug|Any CPU
		{8A09C53F-26EC-4033-B84A-20E38DF75E62}.Debug|Any CPU.Deploy.0 = Debug|Any CPU
		{8A09C53F-26EC-4033-B84A-20E38DF75E62}.Release|Any CPU.ActiveCfg = Release|Any CPU
		{8A09C53F-26EC-4033-B84A-20E38DF75E62}.Release|Any CPU.Build.0 = Release|Any CPU
		{8A09C53F-26EC-4033-B84A-20E38DF75E62}.Release|Any CPU.Deploy.0 = Release|Any CPU
		{F6520C87-2C74-4AB8-8537-7911403F666B}.Debug|Any CPU.ActiveCfg = Debug|Any CPU
		{F6520C87-2C74-4AB8-8537-7911403F666B}.Debug|Any CPU.Build.0 = Debug|Any CPU
		{F6520C87-2C74-4AB8-8537-7911403F666B}.Release|Any CPU.ActiveCfg = Release|Any CPU
		{F6520C87-2C74-4AB8-8537-7911403F666B}.Release|Any CPU.Build.0 = Release|Any CPU
		{82452850-32F0-43F0-9146-2395D13628F4}.Debug|Any CPU.ActiveCfg = Debug|Any CPU
		{82452850-32F0-43F0-9146-2395D13628F4}.Debug|Any CPU.Build.0 = Debug|Any CPU
		{82452850-32F0-43F0-9146-2395D13628F4}.Release|Any CPU.ActiveCfg = Release|Any CPU
		{82452850-32F0-43F0-9146-2395D13628F4}.Release|Any CPU.Build.0 = Release|Any CPU
		{C3EE7112-DDE4-4327-B700-5B2DAD1EB13D}.Debug|Any CPU.ActiveCfg = Debug|Any CPU
		{C3EE7112-DDE4-4327-B700-5B2DAD1EB13D}.Debug|Any CPU.Build.0 = Debug|Any CPU
		{C3EE7112-DDE4-4327-B700-5B2DAD1EB13D}.Release|Any CPU.ActiveCfg = Release|Any CPU
		{C3EE7112-DDE4-4327-B700-5B2DAD1EB13D}.Release|Any CPU.Build.0 = Release|Any CPU
		{086EE498-3D76-4B47-848D-57D01B57568E}.Debug|Any CPU.ActiveCfg = Debug|Any CPU
		{086EE498-3D76-4B47-848D-57D01B57568E}.Debug|Any CPU.Build.0 = Debug|Any CPU
		{086EE498-3D76-4B47-848D-57D01B57568E}.Release|Any CPU.ActiveCfg = Release|Any CPU
		{086EE498-3D76-4B47-848D-57D01B57568E}.Release|Any CPU.Build.0 = Release|Any CPU
		{07B288D5-ED92-465B-96F0-360681EFD16C}.Debug|Any CPU.ActiveCfg = Debug|Any CPU
		{07B288D5-ED92-465B-96F0-360681EFD16C}.Debug|Any CPU.Build.0 = Debug|Any CPU
		{07B288D5-ED92-465B-96F0-360681EFD16C}.Release|Any CPU.ActiveCfg = Release|Any CPU
		{07B288D5-ED92-465B-96F0-360681EFD16C}.Release|Any CPU.Build.0 = Release|Any CPU
	EndGlobalSection
	GlobalSection(SolutionProperties) = preSolution
		HideSolutionNode = FALSE
	EndGlobalSection
	GlobalSection(ExtensibilityGlobals) = postSolution
		SolutionGuid = {61F7FB11-1E47-470C-91E2-47F8143E1572}
	EndGlobalSection
EndGlobal
